github.com/GnsiXenon/HangMan v0.0.0-20221127210909-788f45f75b53 h1:6PTq/+qNwRCS3AqK3M6E9aW9WwArsdDOGGLK6TYtrR8=
github.com/GnsiXenon/HangMan v0.0.0-20221127210909-788f45f75b53/go.mod h1:8Za0HTOn4qJFoIpGsxmtVl5p359hEpVjtgCDPhSANZY=
github.com/GnsiXenon/HangMan v0.0.0-20221128083842-13a1dbc9467e h1:2w7hKoHWTtQTcVQpjF4k0khTW8PKJ9Gc9j8xtyxL8Kg=
github.com/GnsiXenon/HangMan v0.0.0-20221128083842-13a1dbc9467e/go.mod h1:8Za0HTOn4qJFoIpGsxmtVl5p359hEpVjtgCDPhSANZY=
